
Microsoft Visual Studio Solution File, Format Version 11.00
# Visual Studio 2010
Project("{8BC9CEB8-8B4A-11D0-8D11-00A0C91BC942}") = "Lab2Test", "Lab2Test\Lab2Test.vcxproj", "{24DE1EBC-4DD9-4BCE-8CAE-11D8F05D8005}"
EndProject
Global
	GlobalSection(SolutionConfigurationPlatforms) = preSolution
		Debug|Win32 = Debug|Win32
		Release|Win32 = Release|Win32
	EndGlobalSection
	GlobalSection(ProjectConfigurationPlatforms) = postSolution
		{24DE1EBC-4DD9-4BCE-8CAE-11D8F05D8005}.Debug|Win32.ActiveCfg = Debug|Win32
		{24DE1EBC-4DD9-4BCE-8CAE-11D8F05D8005}.Debug|Win32.Build.0 = Debug|Win32
		{24DE1EBC-4DD9-4BCE-8CAE-11D8F05D8005}.Release|Win32.ActiveCfg = Release|Win32
		{24DE1EBC-4DD9-4BCE-8CAE-11D8F05D8005}.Release|Win32.Build.0 = Release|Win32
	EndGlobalSection
	GlobalSection(SolutionProperties) = preSolution
		HideSolutionNode = FALSE
	EndGlobalSection
EndGlobal
